
Microsoft Visual Studio Solution File, Format Version 12.00
# Visual Studio Version 16
VisualStudioVersion = 16.0.29020.237
MinimumVisualStudioVersion = 10.0.40219.1
Project("{9A19103F-16F7-4668-BE54-9A1E7A4F7556}") = "ChatServer", "ChatServer\ChatServer.csproj", "{9193B398-F95C-4D50-BDBC-2F2CF66E38BC}"
EndProject
Global
	GlobalSection(SolutionConfigurationPlatforms) = preSolution
		Debug|Any CPU = Debug|Any CPU
		Release|Any CPU = Release|Any CPU
	EndGlobalSection
	GlobalSection(ProjectConfigurationPlatforms) = postSolution
		{9193B398-F95C-4D50-BDBC-2F2CF66E38BC}.Debug|Any CPU.ActiveCfg = Release|Any CPU
		{9193B398-F95C-4D50-BDBC-2F2CF66E38BC}.Debug|Any CPU.Build.0 = Release|Any CPU
		{9193B398-F95C-4D50-BDBC-2F2CF66E38BC}.Release|Any CPU.ActiveCfg = Debug|Any CPU
		{9193B398-F95C-4D50-BDBC-2F2CF66E38BC}.Release|Any CPU.Build.0 = Debug|Any CPU
	EndGlobalSection
	GlobalSection(SolutionProperties) = preSolution
		HideSolutionNode = FALSE
	EndGlobalSection
	GlobalSection(ExtensibilityGlobals) = postSolution
		SolutionGuid = {EC65D9CC-F1E4-4B38-8F77-9E9FA07CA3B5}
	EndGlobalSection
EndGlobal
